Microsoft Visual Studio Solution File, Format Version 11.00
# Visual Studio 2008

Project("{E72F4545-EB68-C96C-754F-91FC01573517}") = "office", "Assembly-CSharp-firstpass.csproj", "{6CCFA676-2997-FAD3-8901-D26EC38CC95E}"
EndProject
Project("{E72F4545-EB68-C96C-754F-91FC01573517}") = "office", "Assembly-CSharp.csproj", "{4CC6D619-AA8A-AFC2-FE09-484AC62B17CD}"
EndProject
Project("{E72F4545-EB68-C96C-754F-91FC01573517}") = "office", "Assembly-CSharp-Editor.csproj", "{57E1F2C9-AEB3-02A1-25BF-092648E2EDC3}"
EndProject
Global
	GlobalSection(SolutionConfigurationPlatforms) = preSolution
		Debug|Any CPU = Debug|Any CPU
		Release|Any CPU = Release|Any CPU
	EndGlobalSection
	GlobalSection(ProjectConfigurationPlatforms) = postSolution
		{6CCFA676-2997-FAD3-8901-D26EC38CC95E}.Debug|Any CPU.ActiveCfg = Debug|Any CPU
		{6CCFA676-2997-FAD3-8901-D26EC38CC95E}.Debug|Any CPU.Build.0 = Debug|Any CPU
		{6CCFA676-2997-FAD3-8901-D26EC38CC95E}.Release|Any CPU.ActiveCfg = Release|Any CPU
		{6CCFA676-2997-FAD3-8901-D26EC38CC95E}.Release|Any CPU.Build.0 = Release|Any CPU
		{4CC6D619-AA8A-AFC2-FE09-484AC62B17CD}.Debug|Any CPU.ActiveCfg = Debug|Any CPU
		{4CC6D619-AA8A-AFC2-FE09-484AC62B17CD}.Debug|Any CPU.Build.0 = Debug|Any CPU
		{4CC6D619-AA8A-AFC2-FE09-484AC62B17CD}.Release|Any CPU.ActiveCfg = Release|Any CPU
		{4CC6D619-AA8A-AFC2-FE09-484AC62B17CD}.Release|Any CPU.Build.0 = Release|Any CPU
		{57E1F2C9-AEB3-02A1-25BF-092648E2EDC3}.Debug|Any CPU.ActiveCfg = Debug|Any CPU
		{57E1F2C9-AEB3-02A1-25BF-092648E2EDC3}.Debug|Any CPU.Build.0 = Debug|Any CPU
		{57E1F2C9-AEB3-02A1-25BF-092648E2EDC3}.Release|Any CPU.ActiveCfg = Release|Any CPU
		{57E1F2C9-AEB3-02A1-25BF-092648E2EDC3}.Release|Any CPU.Build.0 = Release|Any CPU
	EndGlobalSection
	GlobalSection(SolutionProperties) = preSolution
		HideSolutionNode = FALSE
	EndGlobalSection
	GlobalSection(MonoDevelopProperties) = preSolution
		StartupItem = Assembly-CSharp.csproj
	EndGlobalSection
EndGlobal
